
Microsoft Visual Studio Solution File, Format Version 12.00
# Visual Studio Version 16
VisualStudioVersion = 16.0.29911.84
MinimumVisualStudioVersion = 10.0.40219.1
Project("{FAE04EC0-301F-11D3-BF4B-00C04F79EFBC}") = "SmartRefreshHeaderBinding", "SmartRefreshHeaderBinding\SmartRefreshHeaderBinding.csproj", "{219389CF-8CBC-4A7D-82C3-79938F82A593}"
EndProject
Global
	GlobalSection(SolutionConfigurationPlatforms) = preSolution
		Debug|Any CPU = Debug|Any CPU
		Release|Any CPU = Release|Any CPU
	EndGlobalSection
	GlobalSection(ProjectConfigurationPlatforms) = postSolution
		{219389CF-8CBC-4A7D-82C3-79938F82A593}.Debug|Any CPU.ActiveCfg = Debug|Any CPU
		{219389CF-8CBC-4A7D-82C3-79938F82A593}.Debug|Any CPU.Build.0 = Debug|Any CPU
		{219389CF-8CBC-4A7D-82C3-79938F82A593}.Release|Any CPU.ActiveCfg = Release|Any CPU
		{219389CF-8CBC-4A7D-82C3-79938F82A593}.Release|Any CPU.Build.0 = Release|Any CPU
	EndGlobalSection
	GlobalSection(SolutionProperties) = preSolution
		HideSolutionNode = FALSE
	EndGlobalSection
	GlobalSection(ExtensibilityGlobals) = postSolution
		SolutionGuid = {C511B566-FD33-423A-AF64-85BB6D767D01}
	EndGlobalSection
EndGlobal
